
Microsoft Visual Studio Solution File, Format Version 12.00
# Visual Studio Version 17
VisualStudioVersion = 17.10.34928.147
MinimumVisualStudioVersion = 10.0.40219.1
Project("{8BC9CEB8-8B4A-11D0-8D11-00A0C91BC942}") = "spotify", "spotify\spotify.vcxproj", "{18EE9A5F-7FE2-452A-9C71-38E159FD7624}"
EndProject
Global
	GlobalSection(SolutionConfigurationPlatforms) = preSolution
		Debug|x64 = Debug|x64
		Debug|x86 = Debug|x86
		Release|x64 = Release|x64
		Release|x86 = Release|x86
	EndGlobalSection
	GlobalSection(ProjectConfigurationPlatforms) = postSolution
		{18EE9A5F-7FE2-452A-9C71-38E159FD7624}.Debug|x64.ActiveCfg = Debug|x64
		{18EE9A5F-7FE2-452A-9C71-38E159FD7624}.Debug|x64.Build.0 = Debug|x64
		{18EE9A5F-7FE2-452A-9C71-38E159FD7624}.Debug|x86.ActiveCfg = Debug|Win32
		{18EE9A5F-7FE2-452A-9C71-38E159FD7624}.Debug|x86.Build.0 = Debug|Win32
		{18EE9A5F-7FE2-452A-9C71-38E159FD7624}.Release|x64.ActiveCfg = Release|x64
		{18EE9A5F-7FE2-452A-9C71-38E159FD7624}.Release|x64.Build.0 = Release|x64
		{18EE9A5F-7FE2-452A-9C71-38E159FD7624}.Release|x86.ActiveCfg = Release|Win32
		{18EE9A5F-7FE2-452A-9C71-38E159FD7624}.Release|x86.Build.0 = Release|Win32
	EndGlobalSection
	GlobalSection(SolutionProperties) = preSolution
		HideSolutionNode = FALSE
	EndGlobalSection
	GlobalSection(ExtensibilityGlobals) = postSolution
		SolutionGuid = {E028ECC3-9163-4937-ACB7-82180B8E02C8}
	EndGlobalSection
EndGlobal
